
Microsoft Visual Studio Solution File, Format Version 12.00
# Visual Studio Version 17
VisualStudioVersion = 17.1.32210.238
MinimumVisualStudioVersion = 10.0.40219.1
Project("{9A19103F-16F7-4668-BE54-9A1E7A4F7556}") = "Messaging", "Messaging\Messaging.csproj", "{BEA365D1-FB29-470B-AEE5-4B4342C5147E}"
EndProject
Project("{9A19103F-16F7-4668-BE54-9A1E7A4F7556}") = "Restaurant.Notification", "Restaurant.Notification\Restaurant.Notification.csproj", "{A737C361-DA31-4E42-AE76-30BD948F9129}"
EndProject
Project("{9A19103F-16F7-4668-BE54-9A1E7A4F7556}") = "RestaurantProject.Booking", "Restaurant.Booking\RestaurantProject.Booking.csproj", "{AC7D24C7-129F-4672-BB0B-12B409BFF505}"
EndProject
Global
	GlobalSection(SolutionConfigurationPlatforms) = preSolution
		Debug|Any CPU = Debug|Any CPU
		Release|Any CPU = Release|Any CPU
	EndGlobalSection
	GlobalSection(ProjectConfigurationPlatforms) = postSolution
		{BEA365D1-FB29-470B-AEE5-4B4342C5147E}.Debug|Any CPU.ActiveCfg = Debug|Any CPU
		{BEA365D1-FB29-470B-AEE5-4B4342C5147E}.Debug|Any CPU.Build.0 = Debug|Any CPU
		{BEA365D1-FB29-470B-AEE5-4B4342C5147E}.Release|Any CPU.ActiveCfg = Release|Any CPU
		{BEA365D1-FB29-470B-AEE5-4B4342C5147E}.Release|Any CPU.Build.0 = Release|Any CPU
		{A737C361-DA31-4E42-AE76-30BD948F9129}.Debug|Any CPU.ActiveCfg = Debug|Any CPU
		{A737C361-DA31-4E42-AE76-30BD948F9129}.Debug|Any CPU.Build.0 = Debug|Any CPU
		{A737C361-DA31-4E42-AE76-30BD948F9129}.Release|Any CPU.ActiveCfg = Release|Any CPU
		{A737C361-DA31-4E42-AE76-30BD948F9129}.Release|Any CPU.Build.0 = Release|Any CPU
		{AC7D24C7-129F-4672-BB0B-12B409BFF505}.Debug|Any CPU.ActiveCfg = Debug|Any CPU
		{AC7D24C7-129F-4672-BB0B-12B409BFF505}.Debug|Any CPU.Build.0 = Debug|Any CPU
		{AC7D24C7-129F-4672-BB0B-12B409BFF505}.Release|Any CPU.ActiveCfg = Release|Any CPU
		{AC7D24C7-129F-4672-BB0B-12B409BFF505}.Release|Any CPU.Build.0 = Release|Any CPU
	EndGlobalSection
	GlobalSection(SolutionProperties) = preSolution
		HideSolutionNode = FALSE
	EndGlobalSection
	GlobalSection(ExtensibilityGlobals) = postSolution
		SolutionGuid = {220CF258-15E6-4272-99C5-F98C6AF55A9C}
	EndGlobalSection
EndGlobal
